
Microsoft Visual Studio Solution File, Format Version 12.00
# Visual Studio Version 16
VisualStudioVersion = 16.0.31313.79
MinimumVisualStudioVersion = 10.0.40219.1
Project("{9A19103F-16F7-4668-BE54-9A1E7A4F7556}") = "ExchangeRate", "ExchangeRate\ExchangeRate.csproj", "{18E16A5B-7878-42A9-B057-F6314A64B6AB}"
EndProject
Project("{FAE04EC0-301F-11D3-BF4B-00C04F79EFBC}") = "ExchangeRate.Dal", "ExchangeRate.Dal\ExchangeRate.Dal.csproj", "{A0AE9679-72AC-4395-961A-72FFA3A4F933}"
EndProject
Project("{FAE04EC0-301F-11D3-BF4B-00C04F79EFBC}") = "ExchangeRate.Services", "ExchangeRate.Services\ExchangeRate.Services.csproj", "{D6864FDE-EAC5-47C8-891B-A64E59B74FAD}"
EndProject
Global
	GlobalSection(SolutionConfigurationPlatforms) = preSolution
		Debug|Any CPU = Debug|Any CPU
		Release|Any CPU = Release|Any CPU
	EndGlobalSection
	GlobalSection(ProjectConfigurationPlatforms) = postSolution
		{18E16A5B-7878-42A9-B057-F6314A64B6AB}.Debug|Any CPU.ActiveCfg = Debug|Any CPU
		{18E16A5B-7878-42A9-B057-F6314A64B6AB}.Debug|Any CPU.Build.0 = Debug|Any CPU
		{18E16A5B-7878-42A9-B057-F6314A64B6AB}.Release|Any CPU.ActiveCfg = Release|Any CPU
		{18E16A5B-7878-42A9-B057-F6314A64B6AB}.Release|Any CPU.Build.0 = Release|Any CPU
		{A0AE9679-72AC-4395-961A-72FFA3A4F933}.Debug|Any CPU.ActiveCfg = Debug|Any CPU
		{A0AE9679-72AC-4395-961A-72FFA3A4F933}.Debug|Any CPU.Build.0 = Debug|Any CPU
		{A0AE9679-72AC-4395-961A-72FFA3A4F933}.Release|Any CPU.ActiveCfg = Release|Any CPU
		{A0AE9679-72AC-4395-961A-72FFA3A4F933}.Release|Any CPU.Build.0 = Release|Any CPU
		{D6864FDE-EAC5-47C8-891B-A64E59B74FAD}.Debug|Any CPU.ActiveCfg = Debug|Any CPU
		{D6864FDE-EAC5-47C8-891B-A64E59B74FAD}.Debug|Any CPU.Build.0 = Debug|Any CPU
		{D6864FDE-EAC5-47C8-891B-A64E59B74FAD}.Release|Any CPU.ActiveCfg = Release|Any CPU
		{D6864FDE-EAC5-47C8-891B-A64E59B74FAD}.Release|Any CPU.Build.0 = Release|Any CPU
	EndGlobalSection
	GlobalSection(SolutionProperties) = preSolution
		HideSolutionNode = FALSE
	EndGlobalSection
	GlobalSection(ExtensibilityGlobals) = postSolution
		SolutionGuid = {23757C20-782A-4F51-B721-85BB69F16F74}
	EndGlobalSection
EndGlobal
